// !$*UTF8*$!
{
	archiveVersion = 1;
	classes = {
	};
	objectVersion = 48;
	objects = {

/* Begin PBXBuildFile section */
		3BB5B21FEEDA709FB86E6CE3 /* libPods-WilsonFileManagerTests.a in Frameworks */ = {isa = PBXBuildFile; fileRef = 630B15A6848F651D6A79C0FC /* libPods-WilsonFileManagerTests.a */; };
		8FF24BE0FBD808C03817C8FF /* libPods-WilsonFileManager.a in Frameworks */ = {isa = PBXBuildFile; fileRef = 421D21E4FA3E3EF455BD6389 /* libPods-WilsonFileManager.a */; };
		9198F84C29151B79C5E2E401 /* libPods-WilsonFileManagerUITests.a in Frameworks */ = {isa = PBXBuildFile; fileRef = D614D61D5AE922D5B1644DB9 /* libPods-WilsonFileManagerUITests.a */; };
		C878ED65215CC7B200D8A9C7 /* CommonVC.m in Sources */ = {isa = PBXBuildFile; fileRef = C878ED64215CC7B200D8A9C7 /* CommonVC.m */; };
		C8792CFF20518F7600F7260D /* WebKit.framework in Frameworks */ = {isa = PBXBuildFile; fileRef = C8792CFE20518F7600F7260D /* WebKit.framework */; };
		C8792D01205196EF00F7260D /* MobileCoreServices.framework in Frameworks */ = {isa = PBXBuildFile; fileRef = C8792D00205196EF00F7260D /* MobileCoreServices.framework */; };
		C8AD10792050DA0B00283456 /* WilsonWebServer.m in Sources */ = {isa = PBXBuildFile; fileRef = C8AD10782050DA0B00283456 /* WilsonWebServer.m */; };
		C8AD107B2050E23100283456 /* libz.tbd in Frameworks */ = {isa = PBXBuildFile; fileRef = C8AD107A2050E23100283456 /* libz.tbd */; };
		C8AD107F2051154E00283456 /* WilsonFileModel.m in Sources */ = {isa = PBXBuildFile; fileRef = C8AD107E2051154E00283456 /* WilsonFileModel.m */; };
		C8AD108220511B7100283456 /* NSFileManager+FileInfo.m in Sources */ = {isa = PBXBuildFile; fileRef = C8AD108120511B7100283456 /* NSFileManager+FileInfo.m */; };
		C8BE761D205222ED00BC692B /* main.m in Sources */ = {isa = PBXBuildFile; fileRef = C8BE761A205222ED00BC692B /* main.m */; };
		C8BE761E205222ED00BC692B /* Info.plist in Resources */ = {isa = PBXBuildFile; fileRef = C8BE761C205222ED00BC692B /* Info.plist */; };
		C8BE7623205258C500BC692B /* WilsonNavigationVC.m in Sources */ = {isa = PBXBuildFile; fileRef = C8BE7622205258C500BC692B /* WilsonNavigationVC.m */; };
		C8BE762B20525C9B00BC692B /* WilsonWebVC.m in Sources */ = {isa = PBXBuildFile; fileRef = C8BE762820525C9B00BC692B /* WilsonWebVC.m */; };
		C8BE762C20525C9B00BC692B /* FileManagerVC.m in Sources */ = {isa = PBXBuildFile; fileRef = C8BE762920525C9B00BC692B /* FileManagerVC.m */; };
		C8BE762D20525C9B00BC692B /* WilsonPreviewVC.m in Sources */ = {isa = PBXBuildFile; fileRef = C8BE762A20525C9B00BC692B /* WilsonPreviewVC.m */; };
		C8BF29B5204FB935008E4595 /* AppDelegate.m in Sources */ = {isa = PBXBuildFile; fileRef = C8BF29B4204FB935008E4595 /* AppDelegate.m */; };
		C8BF29BB204FB935008E4595 /* Main.storyboard in Resources */ = {isa = PBXBuildFile; fileRef = C8BF29B9204FB935008E4595 /* Main.storyboard */; };
		C8BF29BD204FB935008E4595 /* Assets.xcassets in Resources */ = {isa = PBXBuildFile; fileRef = C8BF29BC204FB935008E4595 /* Assets.xcassets */; };
		C8BF29C0204FB935008E4595 /* LaunchScreen.storyboard in Resources */ = {isa = PBXBuildFile; fileRef = C8BF29BE204FB935008E4595 /* LaunchScreen.storyboard */; };
		C8BF29CD204FB935008E4595 /* WilsonFileManagerTests.m in Sources */ = {isa = PBXBuildFile; fileRef = C8BF29CC204FB935008E4595 /* WilsonFileManagerTests.m */; };
		C8BF29D8204FB935008E4595 /* WilsonFileManagerUITests.m in Sources */ = {isa = PBXBuildFile; fileRef = C8BF29D7204FB935008E4595 /* WilsonFileManagerUITests.m */; };
		C8BF29E9204FC531008E4595 /* WilsonTabBarVC.m in Sources */ = {isa = PBXBuildFile; fileRef = C8BF29E8204FC531008E4595 /* WilsonTabBarVC.m */; };
		C8BF29ED204FC6C4008E4595 /* UIColor+ColorWithStr.m in Sources */ = {isa = PBXBuildFile; fileRef = C8BF29EC204FC6C4008E4595 /* UIColor+ColorWithStr.m */; };
		C8BF29F5204FCF1E008E4595 /* FileManagerCell.m in Sources */ = {isa = PBXBuildFile; fileRef = C8BF29F4204FCF1E008E4595 /* FileManagerCell.m */; };
/* End PBXBuildFile section */

/* Begin PBXContainerItemProxy section */
		C8BF29C9204FB935008E4595 /* PBXContainerItemProxy */ = {
			isa = PBXContainerItemProxy;
			containerPortal = C8BF29A8204FB935008E4595 /* Project object */;
			proxyType = 1;
			remoteGlobalIDString = C8BF29AF204FB935008E4595;
			remoteInfo = WilsonFileManager;
		};
		C8BF29D4204FB935008E4595 /* PBXContainerItemProxy */ = {
			isa = PBXContainerItemProxy;
			containerPortal = C8BF29A8204FB935008E4595 /* Project object */;
			proxyType = 1;
			remoteGlobalIDString = C8BF29AF204FB935008E4595;
			remoteInfo = WilsonFileManager;
		};
/* End PBXContainerItemProxy section */

/* Begin PBXFileReference section */
		421D21E4FA3E3EF455BD6389 /* libPods-WilsonFileManager.a */ = {isa = PBXFileReference; explicitFileType = archive.ar; includeInIndex = 0; path = "libPods-WilsonFileManager.a"; sourceTree = BUILT_PRODUCTS_DIR; };
		5F0EE11EFED4B6C2A36537AD /* Pods-WilsonFileManager.debug.xcconfig */ = {isa = PBXFileReference; includeInIndex = 1; lastKnownFileType = text.xcconfig; name = "Pods-WilsonFileManager.debug.xcconfig"; path = "Pods/Target Support Files/Pods-WilsonFileManager/Pods-WilsonFileManager.debug.xcconfig"; sourceTree = "<group>"; };
		630B15A6848F651D6A79C0FC /* libPods-WilsonFileManagerTests.a */ = {isa = PBXFileReference; explicitFileType = archive.ar; includeInIndex = 0; path = "libPods-WilsonFileManagerTests.a"; sourceTree = BUILT_PRODUCTS_DIR; };
		6EA3325CE63662FB9BB14A85 /* Pods-WilsonFileManagerUITests.debug.xcconfig */ = {isa = PBXFileReference; includeInIndex = 1; lastKnownFileType = text.xcconfig; name = "Pods-WilsonFileManagerUITests.debug.xcconfig"; path = "Pods/Target Support Files/Pods-WilsonFileManagerUITests/Pods-WilsonFileManagerUITests.debug.xcconfig"; sourceTree = "<group>"; };
		88CD8F9037F72DE1BA1BD126 /* Pods-WilsonFileManagerTests.release.xcconfig */ = {isa = PBXFileReference; includeInIndex = 1; lastKnownFileType = text.xcconfig; name = "Pods-WilsonFileManagerTests.release.xcconfig"; path = "Pods/Target Support Files/Pods-WilsonFileManagerTests/Pods-WilsonFileManagerTests.release.xcconfig"; sourceTree = "<group>"; };
		9D8AC71709229C18100FC901 /* Pods-WilsonFileManagerUITests.release.xcconfig */ = {isa = PBXFileReference; includeInIndex = 1; lastKnownFileType = text.xcconfig; name = "Pods-WilsonFileManagerUITests.release.xcconfig"; path = "Pods/Target Support Files/Pods-WilsonFileManagerUITests/Pods-WilsonFileManagerUITests.release.xcconfig"; sourceTree = "<group>"; };
		C878ED63215CC7B200D8A9C7 /* CommonVC.h */ = {isa = PBXFileReference; lastKnownFileType = sourcecode.c.h; path = CommonVC.h; sourceTree = "<group>"; };
		C878ED64215CC7B200D8A9C7 /* CommonVC.m */ = {isa = PBXFileReference; lastKnownFileType = sourcecode.c.objc; path = CommonVC.m; sourceTree = "<group>"; };
		C8792CFE20518F7600F7260D /* WebKit.framework */ = {isa = PBXFileReference; lastKnownFileType = wrapper.framework; name = WebKit.framework; path = System/Library/Frameworks/WebKit.framework; sourceTree = SDKROOT; };
		C8792D00205196EF00F7260D /* MobileCoreServices.framework */ = {isa = PBXFileReference; lastKnownFileType = wrapper.framework; name = MobileCoreServices.framework; path = System/Library/Frameworks/MobileCoreServices.framework; sourceTree = SDKROOT; };
		C8AD10772050DA0B00283456 /* WilsonWebServer.h */ = {isa = PBXFileReference; lastKnownFileType = sourcecode.c.h; path = WilsonWebServer.h; sourceTree = "<group>"; };
		C8AD10782050DA0B00283456 /* WilsonWebServer.m */ = {isa = PBXFileReference; lastKnownFileType = sourcecode.c.objc; path = WilsonWebServer.m; sourceTree = "<group>"; };
		C8AD107A2050E23100283456 /* libz.tbd */ = {isa = PBXFileReference; lastKnownFileType = "sourcecode.text-based-dylib-definition"; name = libz.tbd; path = usr/lib/libz.tbd; sourceTree = SDKROOT; };
		C8AD107D2051154E00283456 /* WilsonFileModel.h */ = {isa = PBXFileReference; lastKnownFileType = sourcecode.c.h; path = WilsonFileModel.h; sourceTree = "<group>"; };
		C8AD107E2051154E00283456 /* WilsonFileModel.m */ = {isa = PBXFileReference; lastKnownFileType = sourcecode.c.objc; path = WilsonFileModel.m; sourceTree = "<group>"; };
		C8AD108020511B7100283456 /* NSFileManager+FileInfo.h */ = {isa = PBXFileReference; lastKnownFileType = sourcecode.c.h; path = "NSFileManager+FileInfo.h"; sourceTree = "<group>"; };
		C8AD108120511B7100283456 /* NSFileManager+FileInfo.m */ = {isa = PBXFileReference; lastKnownFileType = sourcecode.c.objc; path = "NSFileManager+FileInfo.m"; sourceTree = "<group>"; };
		C8BE7619205222ED00BC692B /* Macro.h */ = {isa = PBXFileReference; fileEncoding = 4; lastKnownFileType = sourcecode.c.h; path = Macro.h; sourceTree = "<group>"; };
		C8BE761A205222ED00BC692B /* main.m */ = {isa = PBXFileReference; fileEncoding = 4; lastKnownFileType = sourcecode.c.objc; path = main.m; sourceTree = "<group>"; };
		C8BE761B205222ED00BC692B /* PrefixHeader.pch */ = {isa = PBXFileReference; fileEncoding = 4; lastKnownFileType = sourcecode.c.h; path = PrefixHeader.pch; sourceTree = "<group>"; };
		C8BE761C205222ED00BC692B /* Info.plist */ = {isa = PBXFileReference; fileEncoding = 4; lastKnownFileType = text.plist.xml; path = Info.plist; sourceTree = "<group>"; };
		C8BE7621205258C500BC692B /* WilsonNavigationVC.h */ = {isa = PBXFileReference; lastKnownFileType = sourcecode.c.h; path = WilsonNavigationVC.h; sourceTree = "<group>"; };
		C8BE7622205258C500BC692B /* WilsonNavigationVC.m */ = {isa = PBXFileReference; lastKnownFileType = sourcecode.c.objc; path = WilsonNavigationVC.m; sourceTree = "<group>"; };
		C8BE762520525C9B00BC692B /* WilsonWebVC.h */ = {isa = PBXFileReference; fileEncoding = 4; lastKnownFileType = sourcecode.c.h; path = WilsonWebVC.h; sourceTree = "<group>"; };
		C8BE762620525C9B00BC692B /* FileManagerVC.h */ = {isa = PBXFileReference; fileEncoding = 4; lastKnownFileType = sourcecode.c.h; path = FileManagerVC.h; sourceTree = "<group>"; };
		C8BE762720525C9B00BC692B /* WilsonPreviewVC.h */ = {isa = PBXFileReference; fileEncoding = 4; lastKnownFileType = sourcecode.c.h; path = WilsonPreviewVC.h; sourceTree = "<group>"; };
		C8BE762820525C9B00BC692B /* WilsonWebVC.m */ = {isa = PBXFileReference; fileEncoding = 4; lastKnownFileType = sourcecode.c.objc; path = WilsonWebVC.m; sourceTree = "<group>"; };
		C8BE762920525C9B00BC692B /* FileManagerVC.m */ = {isa = PBXFileReference; fileEncoding = 4; lastKnownFileType = sourcecode.c.objc; path = FileManagerVC.m; sourceTree = "<group>"; };
		C8BE762A20525C9B00BC692B /* WilsonPreviewVC.m */ = {isa = PBXFileReference; fileEncoding = 4; lastKnownFileType = sourcecode.c.objc; path = WilsonPreviewVC.m; sourceTree = "<group>"; };
		C8BF29B0204FB935008E4595 /* WilsonFileManager.app */ = {isa = PBXFileReference; explicitFileType = wrapper.application; includeInIndex = 0; path = WilsonFileManager.app; sourceTree = BUILT_PRODUCTS_DIR; };
		C8BF29B3204FB935008E4595 /* AppDelegate.h */ = {isa = PBXFileReference; lastKnownFileType = sourcecode.c.h; path = AppDelegate.h; sourceTree = "<group>"; };
		C8BF29B4204FB935008E4595 /* AppDelegate.m */ = {isa = PBXFileReference; lastKnownFileType = sourcecode.c.objc; path = AppDelegate.m; sourceTree = "<group>"; };
		C8BF29BA204FB935008E4595 /* Base */ = {isa = PBXFileReference; lastKnownFileType = file.storyboard; name = Base; path = Base.lproj/Main.storyboard; sourceTree = "<group>"; };
		C8BF29BC204FB935008E4595 /* Assets.xcassets */ = {isa = PBXFileReference; lastKnownFileType = folder.assetcatalog; path = Assets.xcassets; sourceTree = "<group>"; };
		C8BF29BF204FB935008E4595 /* Base */ = {isa = PBXFileReference; lastKnownFileType = file.storyboard; name = Base; path = Base.lproj/LaunchScreen.storyboard; sourceTree = "<group>"; };
		C8BF29C8204FB935008E4595 /* WilsonFileManagerTests.xctest */ = {isa = PBXFileReference; explicitFileType = wrapper.cfbundle; includeInIndex = 0; path = WilsonFileManagerTests.xctest; sourceTree = BUILT_PRODUCTS_DIR; };
		C8BF29CC204FB935008E4595 /* WilsonFileManagerTests.m */ = {isa = PBXFileReference; lastKnownFileType = sourcecode.c.objc; path = WilsonFileManagerTests.m; sourceTree = "<group>"; };
		C8BF29CE204FB935008E4595 /* Info.plist */ = {isa = PBXFileReference; lastKnownFileType = text.plist.xml; path = Info.plist; sourceTree = "<group>"; };
		C8BF29D3204FB935008E4595 /* WilsonFileManagerUITests.xctest */ = {isa = PBXFileReference; explicitFileType = wrapper.cfbundle; includeInIndex = 0; path = WilsonFileManagerUITests.xctest; sourceTree = BUILT_PRODUCTS_DIR; };
		C8BF29D7204FB935008E4595 /* WilsonFileManagerUITests.m */ = {isa = PBXFileReference; lastKnownFileType = sourcecode.c.objc; path = WilsonFileManagerUITests.m; sourceTree = "<group>"; };
		C8BF29D9204FB935008E4595 /* Info.plist */ = {isa = PBXFileReference; lastKnownFileType = text.plist.xml; path = Info.plist; sourceTree = "<group>"; };
		C8BF29E7204FC531008E4595 /* WilsonTabBarVC.h */ = {isa = PBXFileReference; lastKnownFileType = sourcecode.c.h; path = WilsonTabBarVC.h; sourceTree = "<group>"; };
		C8BF29E8204FC531008E4595 /* WilsonTabBarVC.m */ = {isa = PBXFileReference; lastKnownFileType = sourcecode.c.objc; path = WilsonTabBarVC.m; sourceTree = "<group>"; };
		C8BF29EB204FC6C4008E4595 /* UIColor+ColorWithStr.h */ = {isa = PBXFileReference; lastKnownFileType = sourcecode.c.h; path = "UIColor+ColorWithStr.h"; sourceTree = "<group>"; };
		C8BF29EC204FC6C4008E4595 /* UIColor+ColorWithStr.m */ = {isa = PBXFileReference; lastKnownFileType = sourcecode.c.objc; path = "UIColor+ColorWithStr.m"; sourceTree = "<group>"; };
		C8BF29F3204FCF1E008E4595 /* FileManagerCell.h */ = {isa = PBXFileReference; lastKnownFileType = sourcecode.c.h; path = FileManagerCell.h; sourceTree = "<group>"; };
		C8BF29F4204FCF1E008E4595 /* FileManagerCell.m */ = {isa = PBXFileReference; lastKnownFileType = sourcecode.c.objc; path = FileManagerCell.m; sourceTree = "<group>"; };
		D614D61D5AE922D5B1644DB9 /* libPods-WilsonFileManagerUITests.a */ = {isa = PBXFileReference; explicitFileType = archive.ar; includeInIndex = 0; path = "libPods-WilsonFileManagerUITests.a"; sourceTree = BUILT_PRODUCTS_DIR; };
		DEB4F29AD62CEF20CA485E17 /* Pods-WilsonFileManagerTests.debug.xcconfig */ = {isa = PBXFileReference; includeInIndex = 1; lastKnownFileType = text.xcconfig; name = "Pods-WilsonFileManagerTests.debug.xcconfig"; path = "Pods/Target Support Files/Pods-WilsonFileManagerTests/Pods-WilsonFileManagerTests.debug.xcconfig"; sourceTree = "<group>"; };
		FD0BB9EEE75FDDAA9E4E4510 /* Pods-WilsonFileManager.release.xcconfig */ = {isa = PBXFileReference; includeInIndex = 1; lastKnownFileType = text.xcconfig; name = "Pods-WilsonFileManager.release.xcconfig"; path = "Pods/Target Support Files/Pods-WilsonFileManager/Pods-WilsonFileManager.release.xcconfig"; sourceTree = "<group>"; };
/* End PBXFileReference section */

/* Begin PBXFrameworksBuildPhase section */
		C8BF29AD204FB935008E4595 /* Frameworks */ = {
			isa = PBXFrameworksBuildPhase;
			buildActionMask = 2147483647;
			files = (
				C8792D01205196EF00F7260D /* MobileCoreServices.framework in Frameworks */,
				C8792CFF20518F7600F7260D /* WebKit.framework in Frameworks */,
				C8AD107B2050E23100283456 /* libz.tbd in Frameworks */,
				8FF24BE0FBD808C03817C8FF /* libPods-WilsonFileManager.a in Frameworks */,
			);
			runOnlyForDeploymentPostprocessing = 0;
		};
		C8BF29C5204FB935008E4595 /* Frameworks */ = {
			isa = PBXFrameworksBuildPhase;
			buildActionMask = 2147483647;
			files = (
				3BB5B21FEEDA709FB86E6CE3 /* libPods-WilsonFileManagerTests.a in Frameworks */,
			);
			runOnlyForDeploymentPostprocessing = 0;
		};
		C8BF29D0204FB935008E4595 /* Frameworks */ = {
			isa = PBXFrameworksBuildPhase;
			buildActionMask = 2147483647;
			files = (
				9198F84C29151B79C5E2E401 /* libPods-WilsonFileManagerUITests.a in Frameworks */,
			);
			runOnlyForDeploymentPostprocessing = 0;
		};
/* End PBXFrameworksBuildPhase section */

/* Begin PBXGroup section */
		C8AD10762050D8AA00283456 /* WilsonManager */ = {
			isa = PBXGroup;
			children = (
				C8AD10772050DA0B00283456 /* WilsonWebServer.h */,
				C8AD10782050DA0B00283456 /* WilsonWebServer.m */,
			);
			path = WilsonManager;
			sourceTree = "<group>";
		};
		C8AD107C2051153E00283456 /* WilsonModel */ = {
			isa = PBXGroup;
			children = (
				C8AD107D2051154E00283456 /* WilsonFileModel.h */,
				C8AD107E2051154E00283456 /* WilsonFileModel.m */,
			);
			path = WilsonModel;
			sourceTree = "<group>";
		};
		C8BE7618205222ED00BC692B /* Supporting Files */ = {
			isa = PBXGroup;
			children = (
				C8BE7619205222ED00BC692B /* Macro.h */,
				C8BE761A205222ED00BC692B /* main.m */,
				C8BE761B205222ED00BC692B /* PrefixHeader.pch */,
				C8BE761C205222ED00BC692B /* Info.plist */,
			);
			path = "Supporting Files";
			sourceTree = "<group>";
		};
		C8BE762420525C9B00BC692B /* WilsonVCs */ = {
			isa = PBXGroup;
			children = (
				C8BE762520525C9B00BC692B /* WilsonWebVC.h */,
				C8BE762820525C9B00BC692B /* WilsonWebVC.m */,
				C8BE762620525C9B00BC692B /* FileManagerVC.h */,
				C8BE762920525C9B00BC692B /* FileManagerVC.m */,
				C8BE762A20525C9B00BC692B /* WilsonPreviewVC.m */,
				C8BE762720525C9B00BC692B /* WilsonPreviewVC.h */,
				C878ED63215CC7B200D8A9C7 /* CommonVC.h */,
				C878ED64215CC7B200D8A9C7 /* CommonVC.m */,
			);
			path = WilsonVCs;
			sourceTree = "<group>";
		};
		C8BF29A7204FB935008E4595 = {
			isa = PBXGroup;
			children = (
				C8BF29B2204FB935008E4595 /* WilsonFileManager */,
				C8BF29CB204FB935008E4595 /* WilsonFileManagerTests */,
				C8BF29D6204FB935008E4595 /* WilsonFileManagerUITests */,
				C8BF29B1204FB935008E4595 /* Products */,
				D52B1443CA508DD797ACDBC3 /* Pods */,
				CBA94AB60C2DE9E868EA4511 /* Frameworks */,
			);
			sourceTree = "<group>";
		};
		C8BF29B1204FB935008E4595 /* Products */ = {
			isa = PBXGroup;
			children = (
				C8BF29B0204FB935008E4595 /* WilsonFileManager.app */,
				C8BF29C8204FB935008E4595 /* WilsonFileManagerTests.xctest */,
				C8BF29D3204FB935008E4595 /* WilsonFileManagerUITests.xctest */,
			);
			name = Products;
			sourceTree = "<group>";
		};
		C8BF29B2204FB935008E4595 /* WilsonFileManager */ = {
			isa = PBXGroup;
			children = (
				C8BF29B3204FB935008E4595 /* AppDelegate.h */,
				C8BF29B4204FB935008E4595 /* AppDelegate.m */,
				C8BF29E7204FC531008E4595 /* WilsonTabBarVC.h */,
				C8BF29E8204FC531008E4595 /* WilsonTabBarVC.m */,
				C8BE7621205258C500BC692B /* WilsonNavigationVC.h */,
				C8BE7622205258C500BC692B /* WilsonNavigationVC.m */,
				C8BF29B9204FB935008E4595 /* Main.storyboard */,
				C8BE762420525C9B00BC692B /* WilsonVCs */,
				C8AD107C2051153E00283456 /* WilsonModel */,
				C8AD10762050D8AA00283456 /* WilsonManager */,
				C8BF29F2204FCF06008E4595 /* BaseView */,
				C8BF29EA204FC612008E4595 /* Category */,
				C8BF29BC204FB935008E4595 /* Assets.xcassets */,
				C8BF29BE204FB935008E4595 /* LaunchScreen.storyboard */,
				C8BE7618205222ED00BC692B /* Supporting Files */,
			);
			path = WilsonFileManager;
			sourceTree = "<group>";
		};
		C8BF29CB204FB935008E4595 /* WilsonFileManagerTests */ = {
			isa = PBXGroup;
			children = (
				C8BF29CC204FB935008E4595 /* WilsonFileManagerTests.m */,
				C8BF29CE204FB935008E4595 /* Info.plist */,
			);
			path = WilsonFileManagerTests;
			sourceTree = "<group>";
		};
		C8BF29D6204FB935008E4595 /* WilsonFileManagerUITests */ = {
			isa = PBXGroup;
			children = (
				C8BF29D7204FB935008E4595 /* WilsonFileManagerUITests.m */,
				C8BF29D9204FB935008E4595 /* Info.plist */,
			);
			path = WilsonFileManagerUITests;
			sourceTree = "<group>";
		};
		C8BF29EA204FC612008E4595 /* Category */ = {
			isa = PBXGroup;
			children = (
				C8BF29EB204FC6C4008E4595 /* UIColor+ColorWithStr.h */,
				C8BF29EC204FC6C4008E4595 /* UIColor+ColorWithStr.m */,
				C8AD108020511B7100283456 /* NSFileManager+FileInfo.h */,
				C8AD108120511B7100283456 /* NSFileManager+FileInfo.m */,
			);
			path = Category;
			sourceTree = "<group>";
		};
		C8BF29F2204FCF06008E4595 /* BaseView */ = {
			isa = PBXGroup;
			children = (
				C8BF29F3204FCF1E008E4595 /* FileManagerCell.h */,
				C8BF29F4204FCF1E008E4595 /* FileManagerCell.m */,
			);
			path = BaseView;
			sourceTree = "<group>";
		};
		CBA94AB60C2DE9E868EA4511 /* Frameworks */ = {
			isa = PBXGroup;
			children = (
				C8792D00205196EF00F7260D /* MobileCoreServices.framework */,
				C8792CFE20518F7600F7260D /* WebKit.framework */,
				C8AD107A2050E23100283456 /* libz.tbd */,
				421D21E4FA3E3EF455BD6389 /* libPods-WilsonFileManager.a */,
				630B15A6848F651D6A79C0FC /* libPods-WilsonFileManagerTests.a */,
				D614D61D5AE922D5B1644DB9 /* libPods-WilsonFileManagerUITests.a */,
			);
			name = Frameworks;
			sourceTree = "<group>";
		};
		D52B1443CA508DD797ACDBC3 /* Pods */ = {
			isa = PBXGroup;
			children = (
				5F0EE11EFED4B6C2A36537AD /* Pods-WilsonFileManager.debug.xcconfig */,
				FD0BB9EEE75FDDAA9E4E4510 /* Pods-WilsonFileManager.release.xcconfig */,
				DEB4F29AD62CEF20CA485E17 /* Pods-WilsonFileManagerTests.debug.xcconfig */,
				88CD8F9037F72DE1BA1BD126 /* Pods-WilsonFileManagerTests.release.xcconfig */,
				6EA3325CE63662FB9BB14A85 /* Pods-WilsonFileManagerUITests.debug.xcconfig */,
				9D8AC71709229C18100FC901 /* Pods-WilsonFileManagerUITests.release.xcconfig */,
			);
			name = Pods;
			sourceTree = "<group>";
		};
/* End PBXGroup section */

/* Begin PBXNativeTarget section */
		C8BF29AF204FB935008E4595 /* WilsonFileManager */ = {
			isa = PBXNativeTarget;
			buildConfigurationList = C8BF29DC204FB935008E4595 /* Build configuration list for PBXNativeTarget "WilsonFileManager" */;
			buildPhases = (
				DFDB0296A70CC1C28325C633 /* [CP] Check Pods Manifest.lock */,
				C8BF29AC204FB935008E4595 /* Sources */,
				C8BF29AD204FB935008E4595 /* Frameworks */,
				C8BF29AE204FB935008E4595 /* Resources */,
				18CA2DE4FC4DF4353591A244 /* [CP] Embed Pods Frameworks */,
				0E03C838B996583E30D0F805 /* [CP] Copy Pods Resources */,
			);
			buildRules = (
			);
			dependencies = (
			);
			name = WilsonFileManager;
			productName = WilsonFileManager;
			productReference = C8BF29B0204FB935008E4595 /* WilsonFileManager.app */;
			productType = "com.apple.product-type.application";
		};
		C8BF29C7204FB935008E4595 /* WilsonFileManagerTests */ = {
			isa = PBXNativeTarget;
			buildConfigurationList = C8BF29DF204FB935008E4595 /* Build configuration list for PBXNativeTarget "WilsonFileManagerTests" */;
			buildPhases = (
				980EC87E21A37DFB71F34DDB /* [CP] Check Pods Manifest.lock */,
				C8BF29C4204FB935008E4595 /* Sources */,
				C8BF29C5204FB935008E4595 /* Frameworks */,
				C8BF29C6204FB935008E4595 /* Resources */,
				D198F518AAFBDA6A1C936C87 /* [CP] Embed Pods Frameworks */,
				950D2D81DE6F659989F480B5 /* [CP] Copy Pods Resources */,
			);
			buildRules = (
			);
			dependencies = (
				C8BF29CA204FB935008E4595 /* PBXTargetDependency */,
			);
			name = WilsonFileManagerTests;
			productName = WilsonFileManagerTests;
			productReference = C8BF29C8204FB935008E4595 /* WilsonFileManagerTests.xctest */;
			productType = "com.apple.product-type.bundle.unit-test";
		};
		C8BF29D2204FB935008E4595 /* WilsonFileManagerUITests */ = {
			isa = PBXNativeTarget;
			buildConfigurationList = C8BF29E2204FB935008E4595 /* Build configuration list for PBXNativeTarget "WilsonFileManagerUITests" */;
			buildPhases = (
				C0E459640A3BCDDC9E35B655 /* [CP] Check Pods Manifest.lock */,
				C8BF29CF204FB935008E4595 /* Sources */,
				C8BF29D0204FB935008E4595 /* Frameworks */,
				C8BF29D1204FB935008E4595 /* Resources */,
				C20B8C325E2FB686FBFFC0CF /* [CP] Embed Pods Frameworks */,
				9BDCE306A4B027F2D9C26908 /* [CP] Copy Pods Resources */,
			);
			buildRules = (
			);
			dependencies = (
				C8BF29D5204FB935008E4595 /* PBXTargetDependency */,
			);
			name = WilsonFileManagerUITests;
			productName = WilsonFileManagerUITests;
			productReference = C8BF29D3204FB935008E4595 /* WilsonFileManagerUITests.xctest */;
			productType = "com.apple.product-type.bundle.ui-testing";
		};
/* End PBXNativeTarget section */

/* Begin PBXProject section */
		C8BF29A8204FB935008E4595 /* Project object */ = {
			isa = PBXProject;
			attributes = {
				LastUpgradeCheck = 0920;
				ORGANIZATIONNAME = Wilson;
				TargetAttributes = {
					C8BF29AF204FB935008E4595 = {
						CreatedOnToolsVersion = 9.2;
						ProvisioningStyle = Automatic;
					};
					C8BF29C7204FB935008E4595 = {
						CreatedOnToolsVersion = 9.2;
						ProvisioningStyle = Automatic;
						TestTargetID = C8BF29AF204FB935008E4595;
					};
					C8BF29D2204FB935008E4595 = {
						CreatedOnToolsVersion = 9.2;
						ProvisioningStyle = Automatic;
						TestTargetID = C8BF29AF204FB935008E4595;
					};
				};
			};
			buildConfigurationList = C8BF29AB204FB935008E4595 /* Build configuration list for PBXProject "WilsonFileManager" */;
			compatibilityVersion = "Xcode 8.0";
			developmentRegion = en;
			hasScannedForEncodings = 0;
			knownRegions = (
				en,
				Base,
			);
			mainGroup = C8BF29A7204FB935008E4595;
			productRefGroup = C8BF29B1204FB935008E4595 /* Products */;
			projectDirPath = "";
			projectRoot = "";
			targets = (
				C8BF29AF204FB935008E4595 /* WilsonFileManager */,
				C8BF29C7204FB935008E4595 /* WilsonFileManagerTests */,
				C8BF29D2204FB935008E4595 /* WilsonFileManagerUITests */,
			);
		};
/* End PBXProject section */

/* Begin PBXResourcesBuildPhase section */
		C8BF29AE204FB935008E4595 /* Resources */ = {
			isa = PBXResourcesBuildPhase;
			buildActionMask = 2147483647;
			files = (
				C8BE761E205222ED00BC692B /* Info.plist in Resources */,
				C8BF29C0204FB935008E4595 /* LaunchScreen.storyboard in Resources */,
				C8BF29BD204FB935008E4595 /* Assets.xcassets in Resources */,
				C8BF29BB204FB935008E4595 /* Main.storyboard in Resources */,
			);
			runOnlyForDeploymentPostprocessing = 0;
		};
		C8BF29C6204FB935008E4595 /* Resources */ = {
			isa = PBXResourcesBuildPhase;
			buildActionMask = 2147483647;
			files = (
			);
			runOnlyForDeploymentPostprocessing = 0;
		};
		C8BF29D1204FB935008E4595 /* Resources */ = {
			isa = PBXResourcesBuildPhase;
			buildActionMask = 2147483647;
			files = (
			);
			runOnlyForDeploymentPostprocessing = 0;
		};
/* End PBXResourcesBuildPhase section */

/* Begin PBXShellScriptBuildPhase section */
		0E03C838B996583E30D0F805 /* [CP] Copy Pods Resources */ = {
			isa = PBXShellScriptBuildPhase;
			buildActionMask = 2147483647;
			files = (
			);
			inputPaths = (
				"${SRCROOT}/Pods/Target Support Files/Pods-WilsonFileManager/Pods-WilsonFileManager-resources.sh",
				"${PODS_ROOT}/GCDWebServer/GCDWebUploader/GCDWebUploader.bundle",
			);
			name = "[CP] Copy Pods Resources";
			outputPaths = (
				"${TARGET_BUILD_DIR}/${UNLOCALIZED_RESOURCES_FOLDER_PATH}/GCDWebUploader.bundle",
			);
			runOnlyForDeploymentPostprocessing = 0;
			shellPath = /bin/sh;
			shellScript = "\"${SRCROOT}/Pods/Target Support Files/Pods-WilsonFileManager/Pods-WilsonFileManager-resources.sh\"\n";
			showEnvVarsInLog = 0;
		};
		18CA2DE4FC4DF4353591A244 /* [CP] Embed Pods Frameworks */ = {
			isa = PBXShellScriptBuildPhase;
			buildActionMask = 2147483647;
			files = (
			);
			inputPaths = (
			);
			name = "[CP] Embed Pods Frameworks";
			outputPaths = (
			);
			runOnlyForDeploymentPostprocessing = 0;
			shellPath = /bin/sh;
			shellScript = "\"${SRCROOT}/Pods/Target Support Files/Pods-WilsonFileManager/Pods-WilsonFileManager-frameworks.sh\"\n";
			showEnvVarsInLog = 0;
		};
		950D2D81DE6F659989F480B5 /* [CP] Copy Pods Resources */ = {
			isa = PBXShellScriptBuildPhase;
			buildActionMask = 2147483647;
			files = (
			);
			inputPaths = (
			);
			name = "[CP] Copy Pods Resources";
			outputPaths = (
			);
			runOnlyForDeploymentPostprocessing = 0;
			shellPath = /bin/sh;
			shellScript = "\"${SRCROOT}/Pods/Target Support Files/Pods-WilsonFileManagerTests/Pods-WilsonFileManagerTests-resources.sh\"\n";
			showEnvVarsInLog = 0;
		};
		980EC87E21A37DFB71F34DDB /* [CP] Check Pods Manifest.lock */ = {
			isa = PBXShellScriptBuildPhase;
			buildActionMask = 2147483647;
			files = (
			);
			inputPaths = (
				"${PODS_PODFILE_DIR_PATH}/Podfile.lock",
				"${PODS_ROOT}/Manifest.lock",
			);
			name = "[CP] Check Pods Manifest.lock";
			outputPaths = (
				"$(DERIVED_FILE_DIR)/Pods-WilsonFileManagerTests-checkManifestLockResult.txt",
			);
			runOnlyForDeploymentPostprocessing = 0;
			shellPath = /bin/sh;
			shellScript = "diff \"${PODS_PODFILE_DIR_PATH}/Podfile.lock\" \"${PODS_ROOT}/Manifest.lock\" > /dev/null\nif [ $? != 0 ] ; then\n    # print error to STDERR\n    echo \"error: The sandbox is not in sync with the Podfile.lock. Run 'pod install' or update your CocoaPods installation.\" >&2\n    exit 1\nfi\n# This output is used by Xcode 'outputs' to avoid re-running this script phase.\necho \"SUCCESS\" > \"${SCRIPT_OUTPUT_FILE_0}\"\n";
			showEnvVarsInLog = 0;
		};
		9BDCE306A4B027F2D9C26908 /* [CP] Copy Pods Resources */ = {
			isa = PBXShellScriptBuildPhase;
			buildActionMask = 2147483647;
			files = (
			);
			inputPaths = (
			);
			name = "[CP] Copy Pods Resources";
			outputPaths = (
			);
			runOnlyForDeploymentPostprocessing = 0;
			shellPath = /bin/sh;
			shellScript = "\"${SRCROOT}/Pods/Target Support Files/Pods-WilsonFileManagerUITests/Pods-WilsonFileManagerUITests-resources.sh\"\n";
			showEnvVarsInLog = 0;
		};
		C0E459640A3BCDDC9E35B655 /* [CP] Check Pods Manifest.lock */ = {
			isa = PBXShellScriptBuildPhase;
			buildActionMask = 2147483647;
			files = (
			);
			inputPaths = (
				"${PODS_PODFILE_DIR_PATH}/Podfile.lock",
				"${PODS_ROOT}/Manifest.lock",
			);
			name = "[CP] Check Pods Manifest.lock";
			outputPaths = (
				"$(DERIVED_FILE_DIR)/Pods-WilsonFileManagerUITests-checkManifestLockResult.txt",
			);
			runOnlyForDeploymentPostprocessing = 0;
			shellPath = /bin/sh;
			shellScript = "diff \"${PODS_PODFILE_DIR_PATH}/Podfile.lock\" \"${PODS_ROOT}/Manifest.lock\" > /dev/null\nif [ $? != 0 ] ; then\n    # print error to STDERR\n    echo \"error: The sandbox is not in sync with the Podfile.lock. Run 'pod install' or update your CocoaPods installation.\" >&2\n    exit 1\nfi\n# This output is used by Xcode 'outputs' to avoid re-running this script phase.\necho \"SUCCESS\" > \"${SCRIPT_OUTPUT_FILE_0}\"\n";
			showEnvVarsInLog = 0;
		};
		C20B8C325E2FB686FBFFC0CF /* [CP] Embed Pods Frameworks */ = {
			isa = PBXShellScriptBuildPhase;
			buildActionMask = 2147483647;
			files = (
			);
			inputPaths = (
			);
			name = "[CP] Embed Pods Frameworks";
			outputPaths = (
			);
			runOnlyForDeploymentPostprocessing = 0;
			shellPath = /bin/sh;
			shellScript = "\"${SRCROOT}/Pods/Target Support Files/Pods-WilsonFileManagerUITests/Pods-WilsonFileManagerUITests-frameworks.sh\"\n";
			showEnvVarsInLog = 0;
		};
		D198F518AAFBDA6A1C936C87 /* [CP] Embed Pods Frameworks */ = {
			isa = PBXShellScriptBuildPhase;
			buildActionMask = 2147483647;
			files = (
			);
			inputPaths = (
			);
			name = "[CP] Embed Pods Frameworks";
			outputPaths = (
			);
			runOnlyForDeploymentPostprocessing = 0;
			shellPath = /bin/sh;
			shellScript = "\"${SRCROOT}/Pods/Target Support Files/Pods-WilsonFileManagerTests/Pods-WilsonFileManagerTests-frameworks.sh\"\n";
			showEnvVarsInLog = 0;
		};
		DFDB0296A70CC1C28325C633 /* [CP] Check Pods Manifest.lock */ = {
			isa = PBXShellScriptBuildPhase;
			buildActionMask = 2147483647;
			files = (
			);
			inputPaths = (
				"${PODS_PODFILE_DIR_PATH}/Podfile.lock",
				"${PODS_ROOT}/Manifest.lock",
			);
			name = "[CP] Check Pods Manifest.lock";
			outputPaths = (
				"$(DERIVED_FILE_DIR)/Pods-WilsonFileManager-checkManifestLockResult.txt",
			);
			runOnlyForDeploymentPostprocessing = 0;
			shellPath = /bin/sh;
			shellScript = "diff \"${PODS_PODFILE_DIR_PATH}/Podfile.lock\" \"${PODS_ROOT}/Manifest.lock\" > /dev/null\nif [ $? != 0 ] ; then\n    # print error to STDERR\n    echo \"error: The sandbox is not in sync with the Podfile.lock. Run 'pod install' or update your CocoaPods installation.\" >&2\n    exit 1\nfi\n# This output is used by Xcode 'outputs' to avoid re-running this script phase.\necho \"SUCCESS\" > \"${SCRIPT_OUTPUT_FILE_0}\"\n";
			showEnvVarsInLog = 0;
		};
/* End PBXShellScriptBuildPhase section */

/* Begin PBXSourcesBuildPhase section */
		C8BF29AC204FB935008E4595 /* Sources */ = {
			isa = PBXSourcesBuildPhase;
			buildActionMask = 2147483647;
			files = (
				C8BF29E9204FC531008E4595 /* WilsonTabBarVC.m in Sources */,
				C8AD107F2051154E00283456 /* WilsonFileModel.m in Sources */,
				C8BE7623205258C500BC692B /* WilsonNavigationVC.m in Sources */,
				C8BF29F5204FCF1E008E4595 /* FileManagerCell.m in Sources */,
				C8BF29ED204FC6C4008E4595 /* UIColor+ColorWithStr.m in Sources */,
				C8AD108220511B7100283456 /* NSFileManager+FileInfo.m in Sources */,
				C8BF29B5204FB935008E4595 /* AppDelegate.m in Sources */,
				C8BE762C20525C9B00BC692B /* FileManagerVC.m in Sources */,
				C8BE761D205222ED00BC692B /* main.m in Sources */,
				C878ED65215CC7B200D8A9C7 /* CommonVC.m in Sources */,
				C8AD10792050DA0B00283456 /* WilsonWebServer.m in Sources */,
				C8BE762B20525C9B00BC692B /* WilsonWebVC.m in Sources */,
				C8BE762D20525C9B00BC692B /* WilsonPreviewVC.m in Sources */,
			);
			runOnlyForDeploymentPostprocessing = 0;
		};
		C8BF29C4204FB935008E4595 /* Sources */ = {
			isa = PBXSourcesBuildPhase;
			buildActionMask = 2147483647;
			files = (
				C8BF29CD204FB935008E4595 /* WilsonFileManagerTests.m in Sources */,
			);
			runOnlyForDeploymentPostprocessing = 0;
		};
		C8BF29CF204FB935008E4595 /* Sources */ = {
			isa = PBXSourcesBuildPhase;
			buildActionMask = 2147483647;
			files = (
				C8BF29D8204FB935008E4595 /* WilsonFileManagerUITests.m in Sources */,
			);
			runOnlyForDeploymentPostprocessing = 0;
		};
/* End PBXSourcesBuildPhase section */

/* Begin PBXTargetDependency section */
		C8BF29CA204FB935008E4595 /* PBXTargetDependency */ = {
			isa = PBXTargetDependency;
			target = C8BF29AF204FB935008E4595 /* WilsonFileManager */;
			targetProxy = C8BF29C9204FB935008E4595 /* PBXContainerItemProxy */;
		};
		C8BF29D5204FB935008E4595 /* PBXTargetDependency */ = {
			isa = PBXTargetDependency;
			target = C8BF29AF204FB935008E4595 /* WilsonFileManager */;
			targetProxy = C8BF29D4204FB935008E4595 /* PBXContainerItemProxy */;
		};
/* End PBXTargetDependency section */

/* Begin PBXVariantGroup section */
		C8BF29B9204FB935008E4595 /* Main.storyboard */ = {
			isa = PBXVariantGroup;
			children = (
				C8BF29BA204FB935008E4595 /* Base */,
			);
			name = Main.storyboard;
			sourceTree = "<group>";
		};
		C8BF29BE204FB935008E4595 /* LaunchScreen.storyboard */ = {
			isa = PBXVariantGroup;
			children = (
				C8BF29BF204FB935008E4595 /* Base */,
			);
			name = LaunchScreen.storyboard;
			sourceTree = "<group>";
		};
/* End PBXVariantGroup section */

/* Begin XCBuildConfiguration section */
		C8BF29DA204FB935008E4595 /* Debug */ = {
			isa = XCBuildConfiguration;
			buildSettings = {
				ALWAYS_SEARCH_USER_PATHS = NO;
				CLANG_ANALYZER_NONNULL = YES;
				CLANG_ANALYZER_NUMBER_OBJECT_CONVERSION = YES_AGGRESSIVE;
				CLANG_CXX_LANGUAGE_STANDARD = "gnu++14";
				CLANG_CXX_LIBRARY = "libc++";
				CLANG_ENABLE_MODULES = YES;
				CLANG_ENABLE_OBJC_ARC = YES;
				CLANG_WARN_BLOCK_CAPTURE_AUTORELEASING = YES;
				CLANG_WARN_BOOL_CONVERSION = YES;
				CLANG_WARN_COMMA = YES;
				CLANG_WARN_CONSTANT_CONVERSION = YES;
				CLANG_WARN_DIRECT_OBJC_ISA_USAGE = YES_ERROR;
				CLANG_WARN_DOCUMENTATION_COMMENTS = YES;
				CLANG_WARN_EMPTY_BODY = YES;
				CLANG_WARN_ENUM_CONVERSION = YES;
				CLANG_WARN_INFINITE_RECURSION = YES;
				CLANG_WARN_INT_CONVERSION = YES;
				CLANG_WARN_NON_LITERAL_NULL_CONVERSION = YES;
				CLANG_WARN_OBJC_LITERAL_CONVERSION = YES;
				CLANG_WARN_OBJC_ROOT_CLASS = YES_ERROR;
				CLANG_WARN_RANGE_LOOP_ANALYSIS = YES;
				CLANG_WARN_STRICT_PROTOTYPES = YES;
				CLANG_WARN_SUSPICIOUS_MOVE = YES;
				CLANG_WARN_UNGUARDED_AVAILABILITY = YES_AGGRESSIVE;
				CLANG_WARN_UNREACHABLE_CODE = YES;
				CLANG_WARN__DUPLICATE_METHOD_MATCH = YES;
				CODE_SIGN_IDENTITY = "iPhone Developer";
				COPY_PHASE_STRIP = NO;
				DEBUG_INFORMATION_FORMAT = dwarf;
				ENABLE_STRICT_OBJC_MSGSEND = YES;
				ENABLE_TESTABILITY = YES;
				GCC_C_LANGUAGE_STANDARD = gnu11;
				GCC_DYNAMIC_NO_PIC = NO;
				GCC_NO_COMMON_BLOCKS = YES;
				GCC_OPTIMIZATION_LEVEL = 0;
				GCC_PREPROCESSOR_DEFINITIONS = (
					"DEBUG=1",
					"$(inherited)",
				);
				GCC_WARN_64_TO_32_BIT_CONVERSION = YES;
				GCC_WARN_ABOUT_RETURN_TYPE = YES_ERROR;
				GCC_WARN_UNDECLARED_SELECTOR = YES;
				GCC_WARN_UNINITIALIZED_AUTOS = YES_AGGRESSIVE;
				GCC_WARN_UNUSED_FUNCTION = YES;
				GCC_WARN_UNUSED_VARIABLE = YES;
				IPHONEOS_DEPLOYMENT_TARGET = 9.0;
				MTL_ENABLE_DEBUG_INFO = YES;
				ONLY_ACTIVE_ARCH = YES;
				SDKROOT = iphoneos;
			};
			name = Debug;
		};
		C8BF29DB204FB935008E4595 /* Release */ = {
			isa = XCBuildConfiguration;
			buildSettings = {
				ALWAYS_SEARCH_USER_PATHS = NO;
				CLANG_ANALYZER_NONNULL = YES;
				CLANG_ANALYZER_NUMBER_OBJECT_CONVERSION = YES_AGGRESSIVE;
				CLANG_CXX_LANGUAGE_STANDARD = "gnu++14";
				CLANG_CXX_LIBRARY = "libc++";
				CLANG_ENABLE_MODULES = YES;
				CLANG_ENABLE_OBJC_ARC = YES;
				CLANG_WARN_BLOCK_CAPTURE_AUTORELEASING = YES;
				CLANG_WARN_BOOL_CONVERSION = YES;
				CLANG_WARN_COMMA = YES;
				CLANG_WARN_CONSTANT_CONVERSION = YES;
				CLANG_WARN_DIRECT_OBJC_ISA_USAGE = YES_ERROR;
				CLANG_WARN_DOCUMENTATION_COMMENTS = YES;
				CLANG_WARN_EMPTY_BODY = YES;
				CLANG_WARN_ENUM_CONVERSION = YES;
				CLANG_WARN_INFINITE_RECURSION = YES;
				CLANG_WARN_INT_CONVERSION = YES;
				CLANG_WARN_NON_LITERAL_NULL_CONVERSION = YES;
				CLANG_WARN_OBJC_LITERAL_CONVERSION = YES;
				CLANG_WARN_OBJC_ROOT_CLASS = YES_ERROR;
				CLANG_WARN_RANGE_LOOP_ANALYSIS = YES;
				CLANG_WARN_STRICT_PROTOTYPES = YES;
				CLANG_WARN_SUSPICIOUS_MOVE = YES;
				CLANG_WARN_UNGUARDED_AVAILABILITY = YES_AGGRESSIVE;
				CLANG_WARN_UNREACHABLE_CODE = YES;
				CLANG_WARN__DUPLICATE_METHOD_MATCH = YES;
				CODE_SIGN_IDENTITY = "iPhone Developer";
				COPY_PHASE_STRIP = NO;
				DEBUG_INFORMATION_FORMAT = "dwarf-with-dsym";
				ENABLE_NS_ASSERTIONS = NO;
				ENABLE_STRICT_OBJC_MSGSEND = YES;
				GCC_C_LANGUAGE_STANDARD = gnu11;
				GCC_NO_COMMON_BLOCKS = YES;
				GCC_WARN_64_TO_32_BIT_CONVERSION = YES;
				GCC_WARN_ABOUT_RETURN_TYPE = YES_ERROR;
				GCC_WARN_UNDECLARED_SELECTOR = YES;
				GCC_WARN_UNINITIALIZED_AUTOS = YES_AGGRESSIVE;
				GCC_WARN_UNUSED_FUNCTION = YES;
				GCC_WARN_UNUSED_VARIABLE = YES;
				IPHONEOS_DEPLOYMENT_TARGET = 9.0;
				MTL_ENABLE_DEBUG_INFO = NO;
				SDKROOT = iphoneos;
				VALIDATE_PRODUCT = YES;
			};
			name = Release;
		};
		C8BF29DD204FB935008E4595 /* Debug */ = {
			isa = XCBuildConfiguration;
			baseConfigurationReference = 5F0EE11EFED4B6C2A36537AD /* Pods-WilsonFileManager.debug.xcconfig */;
			buildSettings = {
				ASSETCATALOG_COMPILER_APPICON_NAME = AppIcon;
				CODE_SIGN_STYLE = Automatic;
				DEVELOPMENT_TEAM = 2W77NDA9H2;
				GCC_PREFIX_HEADER = "WilsonFileManager/Supporting Files/PrefixHeader.pch";
				INFOPLIST_FILE = "WilsonFileManager/Supporting Files/Info.plist";
				IPHONEOS_DEPLOYMENT_TARGET = 9.0;
				LD_RUNPATH_SEARCH_PATHS = "$(inherited) @executable_path/Frameworks";
				PRODUCT_BUNDLE_IDENTIFIER = ForeverMamba.WilsonFileManager;
				PRODUCT_NAME = "$(TARGET_NAME)";
				TARGETED_DEVICE_FAMILY = "1,2";
			};
			name = Debug;
		};
		C8BF29DE204FB935008E4595 /* Release */ = {
			isa = XCBuildConfiguration;
			baseConfigurationReference = FD0BB9EEE75FDDAA9E4E4510 /* Pods-WilsonFileManager.release.xcconfig */;
			buildSettings = {
				ASSETCATALOG_COMPILER_APPICON_NAME = AppIcon;
				CODE_SIGN_STYLE = Automatic;
				DEVELOPMENT_TEAM = 2W77NDA9H2;
				GCC_PREFIX_HEADER = "WilsonFileManager/Supporting Files/PrefixHeader.pch";
				INFOPLIST_FILE = "WilsonFileManager/Supporting Files/Info.plist";
				IPHONEOS_DEPLOYMENT_TARGET = 9.0;
				LD_RUNPATH_SEARCH_PATHS = "$(inherited) @executable_path/Frameworks";
				PRODUCT_BUNDLE_IDENTIFIER = ForeverMamba.WilsonFileManager;
				PRODUCT_NAME = "$(TARGET_NAME)";
				TARGETED_DEVICE_FAMILY = "1,2";
			};
			name = Release;
		};
		C8BF29E0204FB935008E4595 /* Debug */ = {
			isa = XCBuildConfiguration;
			baseConfigurationReference = DEB4F29AD62CEF20CA485E17 /* Pods-WilsonFileManagerTests.debug.xcconfig */;
			buildSettings = {
				BUNDLE_LOADER = "$(TEST_HOST)";
				CODE_SIGN_STYLE = Automatic;
				DEVELOPMENT_TEAM = 2W77NDA9H2;
				INFOPLIST_FILE = WilsonFileManagerTests/Info.plist;
				LD_RUNPATH_SEARCH_PATHS = "$(inherited) @executable_path/Frameworks @loader_path/Frameworks";
				PRODUCT_BUNDLE_IDENTIFIER = ForeverMamba.WilsonFileManagerTests;
				PRODUCT_NAME = "$(TARGET_NAME)";
				TARGETED_DEVICE_FAMILY = "1,2";
				TEST_HOST = "$(BUILT_PRODUCTS_DIR)/WilsonFileManager.app/WilsonFileManager";
			};
			name = Debug;
		};
		C8BF29E1204FB935008E4595 /* Release */ = {
			isa = XCBuildConfiguration;
			baseConfigurationReference = 88CD8F9037F72DE1BA1BD126 /* Pods-WilsonFileManagerTests.release.xcconfig */;
			buildSettings = {
				BUNDLE_LOADER = "$(TEST_HOST)";
				CODE_SIGN_STYLE = Automatic;
				DEVELOPMENT_TEAM = 2W77NDA9H2;
				INFOPLIST_FILE = WilsonFileManagerTests/Info.plist;
				LD_RUNPATH_SEARCH_PATHS = "$(inherited) @executable_path/Frameworks @loader_path/Frameworks";
				PRODUCT_BUNDLE_IDENTIFIER = ForeverMamba.WilsonFileManagerTests;
				PRODUCT_NAME = "$(TARGET_NAME)";
				TARGETED_DEVICE_FAMILY = "1,2";
				TEST_HOST = "$(BUILT_PRODUCTS_DIR)/WilsonFileManager.app/WilsonFileManager";
			};
			name = Release;
		};
		C8BF29E3204FB935008E4595 /* Debug */ = {
			isa = XCBuildConfiguration;
			baseConfigurationReference = 6EA3325CE63662FB9BB14A85 /* Pods-WilsonFileManagerUITests.debug.xcconfig */;
			buildSettings = {
				CODE_SIGN_STYLE = Automatic;
				DEVELOPMENT_TEAM = 2W77NDA9H2;
				INFOPLIST_FILE = WilsonFileManagerUITests/Info.plist;
				LD_RUNPATH_SEARCH_PATHS = "$(inherited) @executable_path/Frameworks @loader_path/Frameworks";
				PRODUCT_BUNDLE_IDENTIFIER = ForeverMamba.WilsonFileManagerUITests;
				PRODUCT_NAME = "$(TARGET_NAME)";
				TARGETED_DEVICE_FAMILY = "1,2";
				TEST_TARGET_NAME = WilsonFileManager;
			};
			name = Debug;
		};
		C8BF29E4204FB935008E4595 /* Release */ = {
			isa = XCBuildConfiguration;
			baseConfigurationReference = 9D8AC71709229C18100FC901 /* Pods-WilsonFileManagerUITests.release.xcconfig */;
			buildSettings = {
				CODE_SIGN_STYLE = Automatic;
				DEVELOPMENT_TEAM = 2W77NDA9H2;
				INFOPLIST_FILE = WilsonFileManagerUITests/Info.plist;
				LD_RUNPATH_SEARCH_PATHS = "$(inherited) @executable_path/Frameworks @loader_path/Frameworks";
				PRODUCT_BUNDLE_IDENTIFIER = ForeverMamba.WilsonFileManagerUITests;
				PRODUCT_NAME = "$(TARGET_NAME)";
				TARGETED_DEVICE_FAMILY = "1,2";
				TEST_TARGET_NAME = WilsonFileManager;
			};
			name = Release;
		};
/* End XCBuildConfiguration section */

/* Begin XCConfigurationList section */
		C8BF29AB204FB935008E4595 /* Build configuration list for PBXProject "WilsonFileManager" */ = {
			isa = XCConfigurationList;
			buildConfigurations = (
				C8BF29DA204FB935008E4595 /* Debug */,
				C8BF29DB204FB935008E4595 /* Release */,
			);
			defaultConfigurationIsVisible = 0;
			defaultConfigurationName = Release;
		};
		C8BF29DC204FB935008E4595 /* Build configuration list for PBXNativeTarget "WilsonFileManager" */ = {
			isa = XCConfigurationList;
			buildConfigurations = (
				C8BF29DD204FB935008E4595 /* Debug */,
				C8BF29DE204FB935008E4595 /* Release */,
			);
			defaultConfigurationIsVisible = 0;
			defaultConfigurationName = Release;
		};
		C8BF29DF204FB935008E4595 /* Build configuration list for PBXNativeTarget "WilsonFileManagerTests" */ = {
			isa = XCConfigurationList;
			buildConfigurations = (
				C8BF29E0204FB935008E4595 /* Debug */,
				C8BF29E1204FB935008E4595 /* Release */,
			);
			defaultConfigurationIsVisible = 0;
			defaultConfigurationName = Release;
		};
		C8BF29E2204FB935008E4595 /* Build configuration list for PBXNativeTarget "WilsonFileManagerUITests" */ = {
			isa = XCConfigurationList;
			buildConfigurations = (
				C8BF29E3204FB935008E4595 /* Debug */,
				C8BF29E4204FB935008E4595 /* Release */,
			);
			defaultConfigurationIsVisible = 0;
			defaultConfigurationName = Release;
		};
/* End XCConfigurationList section */
	};
	rootObject = C8BF29A8204FB935008E4595 /* Project object */;
}
